
Microsoft Visual Studio Solution File, Format Version 12.00
# Visual Studio Version 16
VisualStudioVersion = 16.0.30517.126
MinimumVisualStudioVersion = 10.0.40219.1
Project("{2150E333-8FDC-42A3-9474-1A3956D46DE8}") = "build", "build", "{40A4F656-BE64-4DC4-8B1F-2F881F5E753D}"
	ProjectSection(SolutionItems) = preProject
		build\azure-pipelines-dev.yml = build\azure-pipelines-dev.yml
		build\azure-pipelines.yml = build\azure-pipelines.yml
	EndProjectSection
EndProject
Project("{2150E333-8FDC-42A3-9474-1A3956D46DE8}") = "misc", "misc", "{EB258089-4136-4A08-AEF3-40EDC1FF9756}"
	ProjectSection(SolutionItems) = preProject
		misc\changelog.txt = misc\changelog.txt
		misc\todo.txt = misc\todo.txt
	EndProjectSection
EndProject
Project("{2150E333-8FDC-42A3-9474-1A3956D46DE8}") = "nuget", "nuget", "{5661C3FD-0403-4BF7-9D74-48D8A319B5EA}"
	ProjectSection(SolutionItems) = preProject
		nuget\TauCode.Db.Npgsql.nuspec = nuget\TauCode.Db.Npgsql.nuspec
	EndProjectSection
EndProject
Project("{2150E333-8FDC-42A3-9474-1A3956D46DE8}") = "src", "src", "{75A54301-AB3A-4EA5-813D-40D74CF8B0ED}"
EndProject
Project("{2150E333-8FDC-42A3-9474-1A3956D46DE8}") = "test", "test", "{0BF982B6-2FF4-453B-8022-E83962C281E8}"
EndProject
Project("{FAE04EC0-301F-11D3-BF4B-00C04F79EFBC}") = "TauCode.Db.Npgsql", "src\TauCode.Db.Npgsql\TauCode.Db.Npgsql.csproj", "{5DE89236-D13E-41BF-B055-6A40974040D0}"
EndProject
Project("{FAE04EC0-301F-11D3-BF4B-00C04F79EFBC}") = "TauCode.Db.Npgsql.Tests", "test\TauCode.Db.Npgsql.Tests\TauCode.Db.Npgsql.Tests.csproj", "{B67E4F76-B099-4FC1-B2B3-429850A5E67A}"
EndProject
Global
	GlobalSection(SolutionConfigurationPlatforms) = preSolution
		Debug|Any CPU = Debug|Any CPU
		Release|Any CPU = Release|Any CPU
	EndGlobalSection
	GlobalSection(ProjectConfigurationPlatforms) = postSolution
		{5DE89236-D13E-41BF-B055-6A40974040D0}.Debug|Any CPU.ActiveCfg = Debug|Any CPU
		{5DE89236-D13E-41BF-B055-6A40974040D0}.Debug|Any CPU.Build.0 = Debug|Any CPU
		{5DE89236-D13E-41BF-B055-6A40974040D0}.Release|Any CPU.ActiveCfg = Release|Any CPU
		{5DE89236-D13E-41BF-B055-6A40974040D0}.Release|Any CPU.Build.0 = Release|Any CPU
		{B67E4F76-B099-4FC1-B2B3-429850A5E67A}.Debug|Any CPU.ActiveCfg = Debug|Any CPU
		{B67E4F76-B099-4FC1-B2B3-429850A5E67A}.Debug|Any CPU.Build.0 = Debug|Any CPU
		{B67E4F76-B099-4FC1-B2B3-429850A5E67A}.Release|Any CPU.ActiveCfg = Release|Any CPU
		{B67E4F76-B099-4FC1-B2B3-429850A5E67A}.Release|Any CPU.Build.0 = Release|Any CPU
	EndGlobalSection
	GlobalSection(SolutionProperties) = preSolution
		HideSolutionNode = FALSE
	EndGlobalSection
	GlobalSection(NestedProjects) = preSolution
		{5DE89236-D13E-41BF-B055-6A40974040D0} = {75A54301-AB3A-4EA5-813D-40D74CF8B0ED}
		{B67E4F76-B099-4FC1-B2B3-429850A5E67A} = {0BF982B6-2FF4-453B-8022-E83962C281E8}
	EndGlobalSection
	GlobalSection(ExtensibilityGlobals) = postSolution
		SolutionGuid = {32A245E1-77D1-4BA1-9BF9-024491B86566}
	EndGlobalSection
EndGlobal
